
Microsoft Visual Studio Solution File, Format Version 12.00
# Visual Studio 15
VisualStudioVersion = 15.0.28307.757
MinimumVisualStudioVersion = 10.0.40219.1
Project("{FAE04EC0-301F-11D3-BF4B-00C04F79EFBC}") = "AWS-1", "AWS-1\AWS-1.csproj", "{B01CFF90-99F7-49C2-90F5-E9723824B042}"
EndProject
Global
	GlobalSection(SolutionConfigurationPlatforms) = preSolution
		Debug|Any CPU = Debug|Any CPU
		Release|Any CPU = Release|Any CPU
	EndGlobalSection
	GlobalSection(ProjectConfigurationPlatforms) = postSolution
		{B01CFF90-99F7-49C2-90F5-E9723824B042}.Debug|Any CPU.ActiveCfg = Debug|Any CPU
		{B01CFF90-99F7-49C2-90F5-E9723824B042}.Debug|Any CPU.Build.0 = Debug|Any CPU
		{B01CFF90-99F7-49C2-90F5-E9723824B042}.Release|Any CPU.ActiveCfg = Release|Any CPU
		{B01CFF90-99F7-49C2-90F5-E9723824B042}.Release|Any CPU.Build.0 = Release|Any CPU
	EndGlobalSection
	GlobalSection(SolutionProperties) = preSolution
		HideSolutionNode = FALSE
	EndGlobalSection
	GlobalSection(ExtensibilityGlobals) = postSolution
		SolutionGuid = {7A2365ED-50C3-4BBB-B1A5-67B0BE781811}
	EndGlobalSection
EndGlobal
